
Microsoft Visual Studio Solution File, Format Version 12.00
# Visual Studio 15
VisualStudioVersion = 15.0.27130.2010
MinimumVisualStudioVersion = 10.0.40219.1
Project("{8BC9CEB8-8B4A-11D0-8D11-00A0C91BC942}") = "CapsuleCollision", "CapsuleCollision\CapsuleCollision.vcxproj", "{3FFFC575-43CA-40E6-80F7-322E438EFCDB}"
EndProject
Global
	GlobalSection(SolutionConfigurationPlatforms) = preSolution
		Debug|x64 = Debug|x64
		Debug|x86 = Debug|x86
		Release|x64 = Release|x64
		Release|x86 = Release|x86
	EndGlobalSection
	GlobalSection(ProjectConfigurationPlatforms) = postSolution
		{3FFFC575-43CA-40E6-80F7-322E438EFCDB}.Debug|x64.ActiveCfg = Debug|x64
		{3FFFC575-43CA-40E6-80F7-322E438EFCDB}.Debug|x64.Build.0 = Debug|x64
		{3FFFC575-43CA-40E6-80F7-322E438EFCDB}.Debug|x86.ActiveCfg = Debug|Win32
		{3FFFC575-43CA-40E6-80F7-322E438EFCDB}.Debug|x86.Build.0 = Debug|Win32
		{3FFFC575-43CA-40E6-80F7-322E438EFCDB}.Release|x64.ActiveCfg = Release|x64
		{3FFFC575-43CA-40E6-80F7-322E438EFCDB}.Release|x64.Build.0 = Release|x64
		{3FFFC575-43CA-40E6-80F7-322E438EFCDB}.Release|x86.ActiveCfg = Release|Win32
		{3FFFC575-43CA-40E6-80F7-322E438EFCDB}.Release|x86.Build.0 = Release|Win32
	EndGlobalSection
	GlobalSection(SolutionProperties) = preSolution
		HideSolutionNode = FALSE
	EndGlobalSection
	GlobalSection(ExtensibilityGlobals) = postSolution
		SolutionGuid = {1972C234-C162-4F0C-B05B-68A3E539AD8D}
	EndGlobalSection
EndGlobal
